
Microsoft Visual Studio Solution File, Format Version 12.00
# Visual Studio Version 17
VisualStudioVersion = 17.9.34902.65
MinimumVisualStudioVersion = 10.0.40219.1
Project("{FAE04EC0-301F-11D3-BF4B-00C04F79EFBC}") = "WebDataCrawler", "WebDataCrawler.csproj", "{D5BA3E45-39A0-405A-96F9-3073B79FC435}"
EndProject
Global
	GlobalSection(SolutionConfigurationPlatforms) = preSolution
		Debug|Any CPU = Debug|Any CPU
		Release|Any CPU = Release|Any CPU
	EndGlobalSection
	GlobalSection(ProjectConfigurationPlatforms) = postSolution
		{D5BA3E45-39A0-405A-96F9-3073B79FC435}.Debug|Any CPU.ActiveCfg = Debug|Any CPU
		{D5BA3E45-39A0-405A-96F9-3073B79FC435}.Debug|Any CPU.Build.0 = Debug|Any CPU
		{D5BA3E45-39A0-405A-96F9-3073B79FC435}.Release|Any CPU.ActiveCfg = Release|Any CPU
		{D5BA3E45-39A0-405A-96F9-3073B79FC435}.Release|Any CPU.Build.0 = Release|Any CPU
	EndGlobalSection
	GlobalSection(SolutionProperties) = preSolution
		HideSolutionNode = FALSE
	EndGlobalSection
	GlobalSection(ExtensibilityGlobals) = postSolution
		SolutionGuid = {392C2425-88C7-4916-BFC5-F292B4B3D0A1}
	EndGlobalSection
EndGlobal
